
Microsoft Visual Studio Solution File, Format Version 12.00
# Visual Studio Version 17
VisualStudioVersion = 17.0.32014.148
MinimumVisualStudioVersion = 10.0.40219.1
Project("{FAE04EC0-301F-11D3-BF4B-00C04F79EFBC}") = "DapperExampleOgrenci", "DapperExampleOgrenci\DapperExampleOgrenci.csproj", "{5B6ADFBF-EF19-4ACC-BEAA-FB61A728B689}"
EndProject
Global
	GlobalSection(SolutionConfigurationPlatforms) = preSolution
		Debug|Any CPU = Debug|Any CPU
		Release|Any CPU = Release|Any CPU
	EndGlobalSection
	GlobalSection(ProjectConfigurationPlatforms) = postSolution
		{5B6ADFBF-EF19-4ACC-BEAA-FB61A728B689}.Debug|Any CPU.ActiveCfg = Debug|Any CPU
		{5B6ADFBF-EF19-4ACC-BEAA-FB61A728B689}.Debug|Any CPU.Build.0 = Debug|Any CPU
		{5B6ADFBF-EF19-4ACC-BEAA-FB61A728B689}.Release|Any CPU.ActiveCfg = Release|Any CPU
		{5B6ADFBF-EF19-4ACC-BEAA-FB61A728B689}.Release|Any CPU.Build.0 = Release|Any CPU
	EndGlobalSection
	GlobalSection(SolutionProperties) = preSolution
		HideSolutionNode = FALSE
	EndGlobalSection
	GlobalSection(ExtensibilityGlobals) = postSolution
		SolutionGuid = {40992E58-C99F-46B1-A7EE-7339F5F452EC}
	EndGlobalSection
EndGlobal
